
Microsoft Visual Studio Solution File, Format Version 12.00
# Visual Studio 15
VisualStudioVersion = 15.0.27004.2005
MinimumVisualStudioVersion = 10.0.40219.1
Project("{FAE04EC0-301F-11D3-BF4B-00C04F79EFBC}") = "ScratchGraphing", "ScratchGraphing\ScratchGraphing.csproj", "{3B027DCA-4E52-453E-BE47-F7DCB1AABA24}"
EndProject
Project("{9A19103F-16F7-4668-BE54-9A1E7A4F7556}") = "ScratchTest", "ScratchTest\ScratchTest.csproj", "{33ECFF9A-0FFE-4815-80CE-16385BEE8A7A}"
EndProject
Project("{FAE04EC0-301F-11D3-BF4B-00C04F79EFBC}") = "XUnitListTests", "XUnitListTests\XUnitListTests.csproj", "{C97671C2-A3F7-464D-9218-543F1AA1C2FE}"
EndProject
Global
	GlobalSection(SolutionConfigurationPlatforms) = preSolution
		Debug|Any CPU = Debug|Any CPU
		Release|Any CPU = Release|Any CPU
	EndGlobalSection
	GlobalSection(ProjectConfigurationPlatforms) = postSolution
		{3B027DCA-4E52-453E-BE47-F7DCB1AABA24}.Debug|Any CPU.ActiveCfg = Debug|Any CPU
		{3B027DCA-4E52-453E-BE47-F7DCB1AABA24}.Debug|Any CPU.Build.0 = Debug|Any CPU
		{3B027DCA-4E52-453E-BE47-F7DCB1AABA24}.Release|Any CPU.ActiveCfg = Release|Any CPU
		{3B027DCA-4E52-453E-BE47-F7DCB1AABA24}.Release|Any CPU.Build.0 = Release|Any CPU
		{33ECFF9A-0FFE-4815-80CE-16385BEE8A7A}.Debug|Any CPU.ActiveCfg = Debug|Any CPU
		{33ECFF9A-0FFE-4815-80CE-16385BEE8A7A}.Debug|Any CPU.Build.0 = Debug|Any CPU
		{33ECFF9A-0FFE-4815-80CE-16385BEE8A7A}.Release|Any CPU.ActiveCfg = Release|Any CPU
		{33ECFF9A-0FFE-4815-80CE-16385BEE8A7A}.Release|Any CPU.Build.0 = Release|Any CPU
		{C97671C2-A3F7-464D-9218-543F1AA1C2FE}.Debug|Any CPU.ActiveCfg = Debug|Any CPU
		{C97671C2-A3F7-464D-9218-543F1AA1C2FE}.Debug|Any CPU.Build.0 = Debug|Any CPU
		{C97671C2-A3F7-464D-9218-543F1AA1C2FE}.Release|Any CPU.ActiveCfg = Release|Any CPU
		{C97671C2-A3F7-464D-9218-543F1AA1C2FE}.Release|Any CPU.Build.0 = Release|Any CPU
	EndGlobalSection
	GlobalSection(SolutionProperties) = preSolution
		HideSolutionNode = FALSE
	EndGlobalSection
	GlobalSection(ExtensibilityGlobals) = postSolution
		SolutionGuid = {E00ACE9A-FF98-4A45-BA0D-002667628D00}
	EndGlobalSection
EndGlobal
